[["version","2"]]
["","git-latest",["https://github.com/dagger/eslint"],"refs/heads/main"]
["","git-latest",["https://github.com/dagger/pytest"],"refs/heads/main"]
["","git-latest",["https://github.com/dagger/vitest"],"refs/heads/main"]
["","git-sha",["https://github.com/dagger/eslint","refs/heads/main"],"35a0cc0923fdf625608afb1c2b276e00262c0f81"]
["","git-sha",["https://github.com/dagger/pytest","refs/heads/main"],"aa404699c10f4f663c20e59da2f08154c31e4eae"]
["","git-sha",["https://github.com/dagger/vitest","refs/heads/main"],"736010a059e07bd261d6097f8471e5c83a2b84aa"]
["","oci-sha",["docker.io/library/node:24.20.0-slim"],"sha256:ba849c60be29959425b8734d57b8b4b7d56f98edd9504c9af091d5281095a71e"]
["","oci-sha",["docker.io/library/node:25-alpine"],"sha256:bdf2cca6fe3dabd014ea60163eca3f0f7015fbd5c7ee1b0e9ccb4ced6eb02ef4"]