[["version","2"]]
["","git-latest",["https://github.com/dagger/eslint"],"refs/heads/main"]
["","git-latest",["https://github.com/dagger/pytest"],"refs/heads/main"]
["","git-latest",["https://github.com/dagger/python-sdk"],"refs/heads/main"]
["","git-latest",["https://github.com/dagger/vitest"],"refs/heads/main"]
["","git-sha",["https://github.com/dagger/eslint","refs/heads/main"],"35a0cc0923fdf625608afb1c2b276e00262c0f81"]
["","git-sha",["https://github.com/dagger/pytest","refs/heads/main"],"aa404699c10f4f663c20e59da2f08154c31e4eae"]
["","git-sha",["https://github.com/dagger/python-sdk","refs/heads/main"],"2482284f3f298adb5ac350981541129cb0860528"]
["","git-sha",["https://github.com/dagger/vitest","refs/heads/main"],"736010a059e07bd261d6097f8471e5c83a2b84aa"]
["","oci-sha",["docker.io/library/golang:1.25-alpine"],"sha256:1ae0735f00daffa3aaf1363a5184c0d2dc55c78e3db4ec70241cdac97bf84b59"]
["","oci-sha",["docker.io/library/node:24.20.0-slim"],"sha256:ba849c60be29959425b8734d57b8b4b7d56f98edd9504c9af091d5281095a71e"]
["","oci-sha",["docker.io/library/node:25-alpine"],"sha256:bdf2cca6fe3dabd014ea60163eca3f0f7015fbd5c7ee1b0e9ccb4ced6eb02ef4"]
["","oci-sha",["docker.io/library/postgres:17-alpine"],"sha256:18cfe3ef5e6815560c98237d6216d1e5119702fb0f3894c8785dd58b8bbe5d73"]
["","oci-sha",["ghcr.io/astral-sh/uv:python3.14-alpine"],"sha256:97c0ea321f702d5c726a829930ea24cab89ce978f024933861d7bcb33f8c6f20"]
["","oci-sha",["ghcr.io/astral-sh/uv:python3.14-bookworm-slim"],"sha256:7cf77f594be8042dab6daa9fe326f90962252268b4f120a7f5dccce4d947e6c1"]